
Microsoft Visual Studio Solution File, Format Version 10.00
# Visual C++ Express 2008
Project("{8BC9CEB8-8B4A-11D0-8D11-00A0C91BC942}") = "Challenge_132E", "Challenge_132E\Challenge_132E.vcproj", "{9C10BDAB-9B09-423B-81A7-EA0F6C9FF7EF}"
EndProject
Global
	GlobalSection(SolutionConfigurationPlatforms) = preSolution
		Debug|Win32 = Debug|Win32
		Release|Win32 = Release|Win32
	EndGlobalSection
	GlobalSection(ProjectConfigurationPlatforms) = postSolution
		{9C10BDAB-9B09-423B-81A7-EA0F6C9FF7EF}.Debug|Win32.ActiveCfg = Debug|Win32
		{9C10BDAB-9B09-423B-81A7-EA0F6C9FF7EF}.Debug|Win32.Build.0 = Debug|Win32
		{9C10BDAB-9B09-423B-81A7-EA0F6C9FF7EF}.Release|Win32.ActiveCfg = Release|Win32
		{9C10BDAB-9B09-423B-81A7-EA0F6C9FF7EF}.Release|Win32.Build.0 = Release|Win32
	EndGlobalSection
	GlobalSection(SolutionProperties) = preSolution
		HideSolutionNode = FALSE
	EndGlobalSection
EndGlobal
