
Microsoft Visual Studio Solution File, Format Version 10.00
# Visual C++ Express 2008
Project("{8BC9CEB8-8B4A-11D0-8D11-00A0C91BC942}") = "Challenge_124E", "Challenge_124E\Challenge_124E.vcproj", "{66FF22F9-6122-4482-998E-612D0ED8D798}"
EndProject
Global
	GlobalSection(SolutionConfigurationPlatforms) = preSolution
		Debug|Win32 = Debug|Win32
		Release|Win32 = Release|Win32
	EndGlobalSection
	GlobalSection(ProjectConfigurationPlatforms) = postSolution
		{66FF22F9-6122-4482-998E-612D0ED8D798}.Debug|Win32.ActiveCfg = Debug|Win32
		{66FF22F9-6122-4482-998E-612D0ED8D798}.Debug|Win32.Build.0 = Debug|Win32
		{66FF22F9-6122-4482-998E-612D0ED8D798}.Release|Win32.ActiveCfg = Release|Win32
		{66FF22F9-6122-4482-998E-612D0ED8D798}.Release|Win32.Build.0 = Release|Win32
	EndGlobalSection
	GlobalSection(SolutionProperties) = preSolution
		HideSolutionNode = FALSE
	EndGlobalSection
EndGlobal
