
Microsoft Visual Studio Solution File, Format Version 10.00
# Visual C++ Express 2008
Project("{8BC9CEB8-8B4A-11D0-8D11-00A0C91BC942}") = "Challenge_109E", "Challenge_109E\Challenge_109E.vcproj", "{2A3CE033-C32D-4E69-A6C2-460FD3DB9DE3}"
EndProject
Global
	GlobalSection(SolutionConfigurationPlatforms) = preSolution
		Debug|Win32 = Debug|Win32
		Release|Win32 = Release|Win32
	EndGlobalSection
	GlobalSection(ProjectConfigurationPlatforms) = postSolution
		{2A3CE033-C32D-4E69-A6C2-460FD3DB9DE3}.Debug|Win32.ActiveCfg = Debug|Win32
		{2A3CE033-C32D-4E69-A6C2-460FD3DB9DE3}.Debug|Win32.Build.0 = Debug|Win32
		{2A3CE033-C32D-4E69-A6C2-460FD3DB9DE3}.Release|Win32.ActiveCfg = Release|Win32
		{2A3CE033-C32D-4E69-A6C2-460FD3DB9DE3}.Release|Win32.Build.0 = Release|Win32
	EndGlobalSection
	GlobalSection(SolutionProperties) = preSolution
		HideSolutionNode = FALSE
	EndGlobalSection
EndGlobal
