
Microsoft Visual Studio Solution File, Format Version 10.00
# Visual C++ Express 2008
Project("{8BC9CEB8-8B4A-11D0-8D11-00A0C91BC942}") = "Challenge_096E", "Challenge_096E\Challenge_096E.vcproj", "{9BC8C288-8BE1-4653-AD1E-9D1A8592E614}"
EndProject
Global
	GlobalSection(SolutionConfigurationPlatforms) = preSolution
		Debug|Win32 = Debug|Win32
		Release|Win32 = Release|Win32
	EndGlobalSection
	GlobalSection(ProjectConfigurationPlatforms) = postSolution
		{9BC8C288-8BE1-4653-AD1E-9D1A8592E614}.Debug|Win32.ActiveCfg = Debug|Win32
		{9BC8C288-8BE1-4653-AD1E-9D1A8592E614}.Debug|Win32.Build.0 = Debug|Win32
		{9BC8C288-8BE1-4653-AD1E-9D1A8592E614}.Release|Win32.ActiveCfg = Release|Win32
		{9BC8C288-8BE1-4653-AD1E-9D1A8592E614}.Release|Win32.Build.0 = Release|Win32
	EndGlobalSection
	GlobalSection(SolutionProperties) = preSolution
		HideSolutionNode = FALSE
	EndGlobalSection
EndGlobal
