
Microsoft Visual Studio Solution File, Format Version 10.00
# Visual C++ Express 2008
Project("{8BC9CEB8-8B4A-11D0-8D11-00A0C91BC942}") = "Challenge_121E", "Challenge_121E\Challenge_121E.vcproj", "{1CDC21E8-07E6-4B42-8952-C2208F9538CB}"
EndProject
Global
	GlobalSection(SolutionConfigurationPlatforms) = preSolution
		Debug|Win32 = Debug|Win32
		Release|Win32 = Release|Win32
	EndGlobalSection
	GlobalSection(ProjectConfigurationPlatforms) = postSolution
		{1CDC21E8-07E6-4B42-8952-C2208F9538CB}.Debug|Win32.ActiveCfg = Debug|Win32
		{1CDC21E8-07E6-4B42-8952-C2208F9538CB}.Debug|Win32.Build.0 = Debug|Win32
		{1CDC21E8-07E6-4B42-8952-C2208F9538CB}.Release|Win32.ActiveCfg = Release|Win32
		{1CDC21E8-07E6-4B42-8952-C2208F9538CB}.Release|Win32.Build.0 = Release|Win32
	EndGlobalSection
	GlobalSection(SolutionProperties) = preSolution
		HideSolutionNode = FALSE
	EndGlobalSection
EndGlobal
