
Microsoft Visual Studio Solution File, Format Version 10.00
# Visual C++ Express 2008
Project("{8BC9CEB8-8B4A-11D0-8D11-00A0C91BC942}") = "Challenge_115E", "Challenge_115E\Challenge_115E.vcproj", "{AB74C7A9-A714-43C7-942E-6EFBD59383DF}"
EndProject
Global
	GlobalSection(SolutionConfigurationPlatforms) = preSolution
		Debug|Win32 = Debug|Win32
		Release|Win32 = Release|Win32
	EndGlobalSection
	GlobalSection(ProjectConfigurationPlatforms) = postSolution
		{AB74C7A9-A714-43C7-942E-6EFBD59383DF}.Debug|Win32.ActiveCfg = Debug|Win32
		{AB74C7A9-A714-43C7-942E-6EFBD59383DF}.Debug|Win32.Build.0 = Debug|Win32
		{AB74C7A9-A714-43C7-942E-6EFBD59383DF}.Release|Win32.ActiveCfg = Release|Win32
		{AB74C7A9-A714-43C7-942E-6EFBD59383DF}.Release|Win32.Build.0 = Release|Win32
	EndGlobalSection
	GlobalSection(SolutionProperties) = preSolution
		HideSolutionNode = FALSE
	EndGlobalSection
EndGlobal
