
Microsoft Visual Studio Solution File, Format Version 10.00
# Visual C++ Express 2008
Project("{8BC9CEB8-8B4A-11D0-8D11-00A0C91BC942}") = "Challenge_086E", "Challenge_086E\Challenge_086E.vcproj", "{11F7523A-F89B-4CA6-8C6B-0C2BFA377023}"
EndProject
Global
	GlobalSection(SolutionConfigurationPlatforms) = preSolution
		Debug|Win32 = Debug|Win32
		Release|Win32 = Release|Win32
	EndGlobalSection
	GlobalSection(ProjectConfigurationPlatforms) = postSolution
		{11F7523A-F89B-4CA6-8C6B-0C2BFA377023}.Debug|Win32.ActiveCfg = Debug|Win32
		{11F7523A-F89B-4CA6-8C6B-0C2BFA377023}.Debug|Win32.Build.0 = Debug|Win32
		{11F7523A-F89B-4CA6-8C6B-0C2BFA377023}.Release|Win32.ActiveCfg = Release|Win32
		{11F7523A-F89B-4CA6-8C6B-0C2BFA377023}.Release|Win32.Build.0 = Release|Win32
	EndGlobalSection
	GlobalSection(SolutionProperties) = preSolution
		HideSolutionNode = FALSE
	EndGlobalSection
EndGlobal
